
Microsoft Visual Studio Solution File, Format Version 12.00
# Visual Studio Version 17
VisualStudioVersion = 17.5.33414.496
MinimumVisualStudioVersion = 10.0.40219.1
Project("{9A19103F-16F7-4668-BE54-9A1E7A4F7556}") = "BJHRApp", "BJHRApp.csproj", "{D71CAEB6-2DF0-4696-8D14-0CECAE3A43A3}"
EndProject
Global
	GlobalSection(SolutionConfigurationPlatforms) = preSolution
		Debug|Any CPU = Debug|Any CPU
		Release|Any CPU = Release|Any CPU
	EndGlobalSection
	GlobalSection(ProjectConfigurationPlatforms) = postSolution
		{D71CAEB6-2DF0-4696-8D14-0CECAE3A43A3}.Debug|Any CPU.ActiveCfg = Debug|Any CPU
		{D71CAEB6-2DF0-4696-8D14-0CECAE3A43A3}.Debug|Any CPU.Build.0 = Debug|Any CPU
		{D71CAEB6-2DF0-4696-8D14-0CECAE3A43A3}.Release|Any CPU.ActiveCfg = Release|Any CPU
		{D71CAEB6-2DF0-4696-8D14-0CECAE3A43A3}.Release|Any CPU.Build.0 = Release|Any CPU
	EndGlobalSection
	GlobalSection(SolutionProperties) = preSolution
		HideSolutionNode = FALSE
	EndGlobalSection
	GlobalSection(ExtensibilityGlobals) = postSolution
		SolutionGuid = {26A04B21-D328-4278-AB47-E94A392B1B07}
	EndGlobalSection
EndGlobal
